
Microsoft Visual Studio Solution File, Format Version 12.00
# Visual Studio Version 17
VisualStudioVersion = 17.8.34330.188
MinimumVisualStudioVersion = 10.0.40219.1
Project("{9A19103F-16F7-4668-BE54-9A1E7A4F7556}") = "az-functions-bindings-webjobs", "az-functions-bindings-webjobs\az-functions-bindings-webjobs.csproj", "{A942DC03-EEC0-423E-9D0A-D4FE1DBC8D0A}"
EndProject
Global
	GlobalSection(SolutionConfigurationPlatforms) = preSolution
		Debug|Any CPU = Debug|Any CPU
		Release|Any CPU = Release|Any CPU
	EndGlobalSection
	GlobalSection(ProjectConfigurationPlatforms) = postSolution
		{A942DC03-EEC0-423E-9D0A-D4FE1DBC8D0A}.Debug|Any CPU.ActiveCfg = Debug|Any CPU
		{A942DC03-EEC0-423E-9D0A-D4FE1DBC8D0A}.Debug|Any CPU.Build.0 = Debug|Any CPU
		{A942DC03-EEC0-423E-9D0A-D4FE1DBC8D0A}.Release|Any CPU.ActiveCfg = Release|Any CPU
		{A942DC03-EEC0-423E-9D0A-D4FE1DBC8D0A}.Release|Any CPU.Build.0 = Release|Any CPU
	EndGlobalSection
	GlobalSection(SolutionProperties) = preSolution
		HideSolutionNode = FALSE
	EndGlobalSection
	GlobalSection(ExtensibilityGlobals) = postSolution
		SolutionGuid = {6B4EDB63-51B0-4AAA-A74F-ED4BDCE23C04}
	EndGlobalSection
EndGlobal
